
Microsoft Visual Studio Solution File, Format Version 12.00
# Visual Studio Version 16
VisualStudioVersion = 16.0.30517.126
MinimumVisualStudioVersion = 10.0.40219.1
Project("{FAE04EC0-301F-11D3-BF4B-00C04F79EFBC}") = "RandomNumberGenerators", "RandomNumberGenerators\RandomNumberGenerators.csproj", "{A917601A-A7EE-4E4B-B193-629305F6F890}"
EndProject
Project("{FAE04EC0-301F-11D3-BF4B-00C04F79EFBC}") = "DIceGame", "DIceGame\DIceGame.csproj", "{40086B80-0ED2-4E12-AE25-A9919A52A320}"
EndProject
Global
	GlobalSection(SolutionConfigurationPlatforms) = preSolution
		Debug|Any CPU = Debug|Any CPU
		Release|Any CPU = Release|Any CPU
	EndGlobalSection
	GlobalSection(ProjectConfigurationPlatforms) = postSolution
		{A917601A-A7EE-4E4B-B193-629305F6F890}.Debug|Any CPU.ActiveCfg = Debug|Any CPU
		{A917601A-A7EE-4E4B-B193-629305F6F890}.Debug|Any CPU.Build.0 = Debug|Any CPU
		{A917601A-A7EE-4E4B-B193-629305F6F890}.Release|Any CPU.ActiveCfg = Release|Any CPU
		{A917601A-A7EE-4E4B-B193-629305F6F890}.Release|Any CPU.Build.0 = Release|Any CPU
		{40086B80-0ED2-4E12-AE25-A9919A52A320}.Debug|Any CPU.ActiveCfg = Debug|Any CPU
		{40086B80-0ED2-4E12-AE25-A9919A52A320}.Debug|Any CPU.Build.0 = Debug|Any CPU
		{40086B80-0ED2-4E12-AE25-A9919A52A320}.Release|Any CPU.ActiveCfg = Release|Any CPU
		{40086B80-0ED2-4E12-AE25-A9919A52A320}.Release|Any CPU.Build.0 = Release|Any CPU
	EndGlobalSection
	GlobalSection(SolutionProperties) = preSolution
		HideSolutionNode = FALSE
	EndGlobalSection
	GlobalSection(ExtensibilityGlobals) = postSolution
		SolutionGuid = {655BC3E8-3BD9-49CD-9B46-4A161BEF2C3E}
	EndGlobalSection
EndGlobal
